
Microsoft Visual Studio Solution File, Format Version 12.00
# Visual Studio Version 17
VisualStudioVersion = 17.10.35013.160
MinimumVisualStudioVersion = 10.0.40219.1
Project("{9A19103F-16F7-4668-BE54-9A1E7A4F7556}") = "BulkyWeb", "BulkyWeb\BulkyWeb.csproj", "{9E86BBCF-7F1B-444B-B676-57D778F41834}"
EndProject
Project("{FAE04EC0-301F-11D3-BF4B-00C04F79EFBC}") = "Bulky.DataAccess", "Bulky.DataAccess\Bulky.DataAccess.csproj", "{39F2CC43-4B3F-45D0-AECC-465948D490C1}"
EndProject
Project("{FAE04EC0-301F-11D3-BF4B-00C04F79EFBC}") = "Bulky.Models", "Bulky.Models\Bulky.Models.csproj", "{6A8AE0E5-BB98-4E25-9F91-A7632CE5023E}"
EndProject
Project("{FAE04EC0-301F-11D3-BF4B-00C04F79EFBC}") = "Bulky.Utility", "Bulky.Utility\Bulky.Utility.csproj", "{1A6D47A4-6904-4E1F-B9DD-0AA0908C9B29}"
EndProject
Global
	GlobalSection(SolutionConfigurationPlatforms) = preSolution
		Debug|Any CPU = Debug|Any CPU
		Release|Any CPU = Release|Any CPU
	EndGlobalSection
	GlobalSection(ProjectConfigurationPlatforms) = postSolution
		{9E86BBCF-7F1B-444B-B676-57D778F41834}.Debug|Any CPU.ActiveCfg = Debug|Any CPU
		{9E86BBCF-7F1B-444B-B676-57D778F41834}.Debug|Any CPU.Build.0 = Debug|Any CPU
		{9E86BBCF-7F1B-444B-B676-57D778F41834}.Release|Any CPU.ActiveCfg = Release|Any CPU
		{9E86BBCF-7F1B-444B-B676-57D778F41834}.Release|Any CPU.Build.0 = Release|Any CPU
		{39F2CC43-4B3F-45D0-AECC-465948D490C1}.Debug|Any CPU.ActiveCfg = Debug|Any CPU
		{39F2CC43-4B3F-45D0-AECC-465948D490C1}.Debug|Any CPU.Build.0 = Debug|Any CPU
		{39F2CC43-4B3F-45D0-AECC-465948D490C1}.Release|Any CPU.ActiveCfg = Release|Any CPU
		{39F2CC43-4B3F-45D0-AECC-465948D490C1}.Release|Any CPU.Build.0 = Release|Any CPU
		{6A8AE0E5-BB98-4E25-9F91-A7632CE5023E}.Debug|Any CPU.ActiveCfg = Debug|Any CPU
		{6A8AE0E5-BB98-4E25-9F91-A7632CE5023E}.Debug|Any CPU.Build.0 = Debug|Any CPU
		{6A8AE0E5-BB98-4E25-9F91-A7632CE5023E}.Release|Any CPU.ActiveCfg = Release|Any CPU
		{6A8AE0E5-BB98-4E25-9F91-A7632CE5023E}.Release|Any CPU.Build.0 = Release|Any CPU
		{1A6D47A4-6904-4E1F-B9DD-0AA0908C9B29}.Debug|Any CPU.ActiveCfg = Debug|Any CPU
		{1A6D47A4-6904-4E1F-B9DD-0AA0908C9B29}.Debug|Any CPU.Build.0 = Debug|Any CPU
		{1A6D47A4-6904-4E1F-B9DD-0AA0908C9B29}.Release|Any CPU.ActiveCfg = Release|Any CPU
		{1A6D47A4-6904-4E1F-B9DD-0AA0908C9B29}.Release|Any CPU.Build.0 = Release|Any CPU
	EndGlobalSection
	GlobalSection(SolutionProperties) = preSolution
		HideSolutionNode = FALSE
	EndGlobalSection
	GlobalSection(ExtensibilityGlobals) = postSolution
		SolutionGuid = {2867E67A-D4BE-4CC9-AF5F-48FA81F0CA57}
	EndGlobalSection
EndGlobal
